
Microsoft Visual Studio Solution File, Format Version 12.00
# Visual Studio Version 16
VisualStudioVersion = 16.0.31105.61
MinimumVisualStudioVersion = 10.0.40219.1
Project("{FAE04EC0-301F-11D3-BF4B-00C04F79EFBC}") = "CSharpPractice", "CSharpPractice\CSharpPractice.csproj", "{14D3646C-6CA5-43B4-96C9-1DCBA550F11F}"
EndProject
Global
	GlobalSection(SolutionConfigurationPlatforms) = preSolution
		Debug|Any CPU = Debug|Any CPU
		Release|Any CPU = Release|Any CPU
	EndGlobalSection
	GlobalSection(ProjectConfigurationPlatforms) = postSolution
		{14D3646C-6CA5-43B4-96C9-1DCBA550F11F}.Debug|Any CPU.ActiveCfg = Debug|Any CPU
		{14D3646C-6CA5-43B4-96C9-1DCBA550F11F}.Debug|Any CPU.Build.0 = Debug|Any CPU
		{14D3646C-6CA5-43B4-96C9-1DCBA550F11F}.Release|Any CPU.ActiveCfg = Release|Any CPU
		{14D3646C-6CA5-43B4-96C9-1DCBA550F11F}.Release|Any CPU.Build.0 = Release|Any CPU
	EndGlobalSection
	GlobalSection(SolutionProperties) = preSolution
		HideSolutionNode = FALSE
	EndGlobalSection
	GlobalSection(ExtensibilityGlobals) = postSolution
		SolutionGuid = {17B835F9-D5F8-4A1C-AD3B-E4FBD1D7EE0E}
	EndGlobalSection
EndGlobal
